
Microsoft Visual Studio Solution File, Format Version 12.00
# Visual Studio Version 16
VisualStudioVersion = 16.0.33529.622
MinimumVisualStudioVersion = 10.0.40219.1
Project("{9A19103F-16F7-4668-BE54-9A1E7A4F7556}") = "Elite_HR", "Elite_HR\Elite_HR.csproj", "{073B18A2-B474-4735-900A-7D4E8B54BDC9}"
EndProject
Global
	GlobalSection(SolutionConfigurationPlatforms) = preSolution
		Debug|Any CPU = Debug|Any CPU
		Release|Any CPU = Release|Any CPU
	EndGlobalSection
	GlobalSection(ProjectConfigurationPlatforms) = postSolution
		{073B18A2-B474-4735-900A-7D4E8B54BDC9}.Debug|Any CPU.ActiveCfg = Debug|Any CPU
		{073B18A2-B474-4735-900A-7D4E8B54BDC9}.Debug|Any CPU.Build.0 = Debug|Any CPU
		{073B18A2-B474-4735-900A-7D4E8B54BDC9}.Release|Any CPU.ActiveCfg = Release|Any CPU
		{073B18A2-B474-4735-900A-7D4E8B54BDC9}.Release|Any CPU.Build.0 = Release|Any CPU
	EndGlobalSection
	GlobalSection(SolutionProperties) = preSolution
		HideSolutionNode = FALSE
	EndGlobalSection
	GlobalSection(ExtensibilityGlobals) = postSolution
		SolutionGuid = {C375DF04-4F28-4630-8EDE-E140AA171C64}
	EndGlobalSection
EndGlobal
